
Microsoft Visual Studio Solution File, Format Version 12.00
# Visual Studio Version 16
VisualStudioVersion = 16.0.30225.117
MinimumVisualStudioVersion = 10.0.40219.1
Project("{FAE04EC0-301F-11D3-BF4B-00C04F79EFBC}") = "Dijkstra", "Dijkstra\Dijkstra.csproj", "{471761F6-9C7B-46C1-99AA-47D4BABCC49B}"
EndProject
Global
	GlobalSection(SolutionConfigurationPlatforms) = preSolution
		Debug|Any CPU = Debug|Any CPU
		Release|Any CPU = Release|Any CPU
	EndGlobalSection
	GlobalSection(ProjectConfigurationPlatforms) = postSolution
		{471761F6-9C7B-46C1-99AA-47D4BABCC49B}.Debug|Any CPU.ActiveCfg = Debug|Any CPU
		{471761F6-9C7B-46C1-99AA-47D4BABCC49B}.Debug|Any CPU.Build.0 = Debug|Any CPU
		{471761F6-9C7B-46C1-99AA-47D4BABCC49B}.Release|Any CPU.ActiveCfg = Release|Any CPU
		{471761F6-9C7B-46C1-99AA-47D4BABCC49B}.Release|Any CPU.Build.0 = Release|Any CPU
	EndGlobalSection
	GlobalSection(SolutionProperties) = preSolution
		HideSolutionNode = FALSE
	EndGlobalSection
	GlobalSection(ExtensibilityGlobals) = postSolution
		SolutionGuid = {292CE9EB-35D1-4FD6-AB5F-0046C4CA6497}
	EndGlobalSection
EndGlobal
